// !$*UTF8*$!
{
	archiveVersion = 1;
	classes = {
	};
	objectVersion = 50;
	objects = {

/* Begin PBXBuildFile section */
		3F34430521F49F1200938BDC /* AppDelegate.swift in Sources */ = {isa = PBXBuildFile; fileRef = 3F34430421F49F1200938BDC /* AppDelegate.swift */; };
		3F34430721F49F1200938BDC /* ViewController.swift in Sources */ = {isa = PBXBuildFile; fileRef = 3F34430621F49F1200938BDC /* ViewController.swift */; };
		3F34430A21F49F1200938BDC /* Main.storyboard in Resources */ = {isa = PBXBuildFile; fileRef = 3F34430821F49F1200938BDC /* Main.storyboard */; };
		3F34430C21F49F1200938BDC /* Assets.xcassets in Resources */ = {isa = PBXBuildFile; fileRef = 3F34430B21F49F1200938BDC /* Assets.xcassets */; };
		3F34430F21F49F1200938BDC /* LaunchScreen.storyboard in Resources */ = {isa = PBXBuildFile; fileRef = 3F34430D21F49F1200938BDC /* LaunchScreen.storyboard */; };
		3F34431A21F49F1200938BDC /* Life_CounterTests.swift in Sources */ = {isa = PBXBuildFile; fileRef = 3F34431921F49F1200938BDC /* Life_CounterTests.swift */; };
		3F34432521F49F1200938BDC /* Life_CounterUITests.swift in Sources */ = {isa = PBXBuildFile; fileRef = 3F34432421F49F1200938BDC /* Life_CounterUITests.swift */; };
/* End PBXBuildFile section */

/* Begin PBXContainerItemProxy section */
		3F34431621F49F1200938BDC /* PBXContainerItemProxy */ = {
			isa = PBXContainerItemProxy;
			containerPortal = 3F3442F921F49F1100938BDC /* Project object */;
			proxyType = 1;
			remoteGlobalIDString = 3F34430021F49F1100938BDC;
			remoteInfo = "Life-Counter";
		};
		3F34432121F49F1200938BDC /* PBXContainerItemProxy */ = {
			isa = PBXContainerItemProxy;
			containerPortal = 3F3442F921F49F1100938BDC /* Project object */;
			proxyType = 1;
			remoteGlobalIDString = 3F34430021F49F1100938BDC;
			remoteInfo = "Life-Counter";
		};
/* End PBXContainerItemProxy section */

/* Begin PBXFileReference section */
		3F34430121F49F1200938BDC /* Life-Counter.app */ = {isa = PBXFileReference; explicitFileType = wrapper.application; includeInIndex = 0; path = "Life-Counter.app"; sourceTree = BUILT_PRODUCTS_DIR; };
		3F34430421F49F1200938BDC /* AppDelegate.swift */ = {isa = PBXFileReference; lastKnownFileType = sourcecode.swift; path = AppDelegate.swift; sourceTree = "<group>"; };
		3F34430621F49F1200938BDC /* ViewController.swift */ = {isa = PBXFileReference; lastKnownFileType = sourcecode.swift; path = ViewController.swift; sourceTree = "<group>"; };
		3F34430921F49F1200938BDC /* Base */ = {isa = PBXFileReference; lastKnownFileType = file.storyboard; name = Base; path = Base.lproj/Main.storyboard; sourceTree = "<group>"; };
		3F34430B21F49F1200938BDC /* Assets.xcassets */ = {isa = PBXFileReference; lastKnownFileType = folder.assetcatalog; path = Assets.xcassets; sourceTree = "<group>"; };
		3F34430E21F49F1200938BDC /* Base */ = {isa = PBXFileReference; lastKnownFileType = file.storyboard; name = Base; path = Base.lproj/LaunchScreen.storyboard; sourceTree = "<group>"; };
		3F34431021F49F1200938BDC /* Info.plist */ = {isa = PBXFileReference; lastKnownFileType = text.plist.xml; path = Info.plist; sourceTree = "<group>"; };
		3F34431521F49F1200938BDC /* Life-CounterTests.xctest */ = {isa = PBXFileReference; explicitFileType = wrapper.cfbundle; includeInIndex = 0; path = "Life-CounterTests.xctest"; sourceTree = BUILT_PRODUCTS_DIR; };
		3F34431921F49F1200938BDC /* Life_CounterTests.swift */ = {isa = PBXFileReference; lastKnownFileType = sourcecode.swift; path = Life_CounterTests.swift; sourceTree = "<group>"; };
		3F34431B21F49F1200938BDC /* Info.plist */ = {isa = PBXFileReference; lastKnownFileType = text.plist.xml; path = Info.plist; sourceTree = "<group>"; };
		3F34432021F49F1200938BDC /* Life-CounterUITests.xctest */ = {isa = PBXFileReference; explicitFileType = wrapper.cfbundle; includeInIndex = 0; path = "Life-CounterUITests.xctest"; sourceTree = BUILT_PRODUCTS_DIR; };
		3F34432421F49F1200938BDC /* Life_CounterUITests.swift */ = {isa = PBXFileReference; lastKnownFileType = sourcecode.swift; path = Life_CounterUITests.swift; sourceTree = "<group>"; };
		3F34432621F49F1200938BDC /* Info.plist */ = {isa = PBXFileReference; lastKnownFileType = text.plist.xml; path = Info.plist; sourceTree = "<group>"; };
/* End PBXFileReference section */

/* Begin PBXFrameworksBuildPhase section */
		3F3442FE21F49F1100938BDC /* Frameworks */ = {
			isa = PBXFrameworksBuildPhase;
			buildActionMask = 2147483647;
			files = (
			);
			runOnlyForDeploymentPostprocessing = 0;
		};
		3F34431221F49F1200938BDC /* Frameworks */ = {
			isa = PBXFrameworksBuildPhase;
			buildActionMask = 2147483647;
			files = (
			);
			runOnlyForDeploymentPostprocessing = 0;
		};
		3F34431D21F49F1200938BDC /* Frameworks */ = {
			isa = PBXFrameworksBuildPhase;
			buildActionMask = 2147483647;
			files = (
			);
			runOnlyForDeploymentPostprocessing = 0;
		};
/* End PBXFrameworksBuildPhase section */

/* Begin PBXGroup section */
		3F3442F821F49F1100938BDC = {
			isa = PBXGroup;
			children = (
				3F34430321F49F1200938BDC /* Life-Counter */,
				3F34431821F49F1200938BDC /* Life-CounterTests */,
				3F34432321F49F1200938BDC /* Life-CounterUITests */,
				3F34430221F49F1200938BDC /* Products */,
			);
			sourceTree = "<group>";
		};
		3F34430221F49F1200938BDC /* Products */ = {
			isa = PBXGroup;
			children = (
				3F34430121F49F1200938BDC /* Life-Counter.app */,
				3F34431521F49F1200938BDC /* Life-CounterTests.xctest */,
				3F34432021F49F1200938BDC /* Life-CounterUITests.xctest */,
			);
			name = Products;
			sourceTree = "<group>";
		};
		3F34430321F49F1200938BDC /* Life-Counter */ = {
			isa = PBXGroup;
			children = (
				3F34430421F49F1200938BDC /* AppDelegate.swift */,
				3F34430621F49F1200938BDC /* ViewController.swift */,
				3F34430821F49F1200938BDC /* Main.storyboard */,
				3F34430B21F49F1200938BDC /* Assets.xcassets */,
				3F34430D21F49F1200938BDC /* LaunchScreen.storyboard */,
				3F34431021F49F1200938BDC /* Info.plist */,
			);
			path = "Life-Counter";
			sourceTree = "<group>";
		};
		3F34431821F49F1200938BDC /* Life-CounterTests */ = {
			isa = PBXGroup;
			children = (
				3F34431921F49F1200938BDC /* Life_CounterTests.swift */,
				3F34431B21F49F1200938BDC /* Info.plist */,
			);
			path = "Life-CounterTests";
			sourceTree = "<group>";
		};
		3F34432321F49F1200938BDC /* Life-CounterUITests */ = {
			isa = PBXGroup;
			children = (
				3F34432421F49F1200938BDC /* Life_CounterUITests.swift */,
				3F34432621F49F1200938BDC /* Info.plist */,
			);
			path = "Life-CounterUITests";
			sourceTree = "<group>";
		};
/* End PBXGroup section */

/* Begin PBXNativeTarget section */
		3F34430021F49F1100938BDC /* Life-Counter */ = {
			isa = PBXNativeTarget;
			buildConfigurationList = 3F34432921F49F1200938BDC /* Build configuration list for PBXNativeTarget "Life-Counter" */;
			buildPhases = (
				3F3442FD21F49F1100938BDC /* Sources */,
				3F3442FE21F49F1100938BDC /* Frameworks */,
				3F3442FF21F49F1100938BDC /* Resources */,
			);
			buildRules = (
			);
			dependencies = (
			);
			name = "Life-Counter";
			productName = "Life-Counter";
			productReference = 3F34430121F49F1200938BDC /* Life-Counter.app */;
			productType = "com.apple.product-type.application";
		};
		3F34431421F49F1200938BDC /* Life-CounterTests */ = {
			isa = PBXNativeTarget;
			buildConfigurationList = 3F34432C21F49F1200938BDC /* Build configuration list for PBXNativeTarget "Life-CounterTests" */;
			buildPhases = (
				3F34431121F49F1200938BDC /* Sources */,
				3F34431221F49F1200938BDC /* Frameworks */,
				3F34431321F49F1200938BDC /* Resources */,
			);
			buildRules = (
			);
			dependencies = (
				3F34431721F49F1200938BDC /* PBXTargetDependency */,
			);
			name = "Life-CounterTests";
			productName = "Life-CounterTests";
			productReference = 3F34431521F49F1200938BDC /* Life-CounterTests.xctest */;
			productType = "com.apple.product-type.bundle.unit-test";
		};
		3F34431F21F49F1200938BDC /* Life-CounterUITests */ = {
			isa = PBXNativeTarget;
			buildConfigurationList = 3F34432F21F49F1200938BDC /* Build configuration list for PBXNativeTarget "Life-CounterUITests" */;
			buildPhases = (
				3F34431C21F49F1200938BDC /* Sources */,
				3F34431D21F49F1200938BDC /* Frameworks */,
				3F34431E21F49F1200938BDC /* Resources */,
			);
			buildRules = (
			);
			dependencies = (
				3F34432221F49F1200938BDC /* PBXTargetDependency */,
			);
			name = "Life-CounterUITests";
			productName = "Life-CounterUITests";
			productReference = 3F34432021F49F1200938BDC /* Life-CounterUITests.xctest */;
			productType = "com.apple.product-type.bundle.ui-testing";
		};
/* End PBXNativeTarget section */

/* Begin PBXProject section */
		3F3442F921F49F1100938BDC /* Project object */ = {
			isa = PBXProject;
			attributes = {
				LastSwiftUpdateCheck = 1010;
				LastUpgradeCheck = 1010;
				ORGANIZATIONNAME = Jeremy;
				TargetAttributes = {
					3F34430021F49F1100938BDC = {
						CreatedOnToolsVersion = 10.1;
					};
					3F34431421F49F1200938BDC = {
						CreatedOnToolsVersion = 10.1;
						TestTargetID = 3F34430021F49F1100938BDC;
					};
					3F34431F21F49F1200938BDC = {
						CreatedOnToolsVersion = 10.1;
						TestTargetID = 3F34430021F49F1100938BDC;
					};
				};
			};
			buildConfigurationList = 3F3442FC21F49F1100938BDC /* Build configuration list for PBXProject "Life-Counter" */;
			compatibilityVersion = "Xcode 9.3";
			developmentRegion = en;
			hasScannedForEncodings = 0;
			knownRegions = (
				en,
				Base,
			);
			mainGroup = 3F3442F821F49F1100938BDC;
			productRefGroup = 3F34430221F49F1200938BDC /* Products */;
			projectDirPath = "";
			projectRoot = "";
			targets = (
				3F34430021F49F1100938BDC /* Life-Counter */,
				3F34431421F49F1200938BDC /* Life-CounterTests */,
				3F34431F21F49F1200938BDC /* Life-CounterUITests */,
			);
		};
/* End PBXProject section */

/* Begin PBXResourcesBuildPhase section */
		3F3442FF21F49F1100938BDC /* Resources */ = {
			isa = PBXResourcesBuildPhase;
			buildActionMask = 2147483647;
			files = (
				3F34430F21F49F1200938BDC /* LaunchScreen.storyboard in Resources */,
				3F34430C21F49F1200938BDC /* Assets.xcassets in Resources */,
				3F34430A21F49F1200938BDC /* Main.storyboard in Resources */,
			);
			runOnlyForDeploymentPostprocessing = 0;
		};
		3F34431321F49F1200938BDC /* Resources */ = {
			isa = PBXResourcesBuildPhase;
			buildActionMask = 2147483647;
			files = (
			);
			runOnlyForDeploymentPostprocessing = 0;
		};
		3F34431E21F49F1200938BDC /* Resources */ = {
			isa = PBXResourcesBuildPhase;
			buildActionMask = 2147483647;
			files = (
			);
			runOnlyForDeploymentPostprocessing = 0;
		};
/* End PBXResourcesBuildPhase section */

/* Begin PBXSourcesBuildPhase section */
		3F3442FD21F49F1100938BDC /* Sources */ = {
			isa = PBXSourcesBuildPhase;
			buildActionMask = 2147483647;
			files = (
				3F34430721F49F1200938BDC /* ViewController.swift in Sources */,
				3F34430521F49F1200938BDC /* AppDelegate.swift in Sources */,
			);
			runOnlyForDeploymentPostprocessing = 0;
		};
		3F34431121F49F1200938BDC /* Sources */ = {
			isa = PBXSourcesBuildPhase;
			buildActionMask = 2147483647;
			files = (
				3F34431A21F49F1200938BDC /* Life_CounterTests.swift in Sources */,
			);
			runOnlyForDeploymentPostprocessing = 0;
		};
		3F34431C21F49F1200938BDC /* Sources */ = {
			isa = PBXSourcesBuildPhase;
			buildActionMask = 2147483647;
			files = (
				3F34432521F49F1200938BDC /* Life_CounterUITests.swift in Sources */,
			);
			runOnlyForDeploymentPostprocessing = 0;
		};
/* End PBXSourcesBuildPhase section */

/* Begin PBXTargetDependency section */
		3F34431721F49F1200938BDC /* PBXTargetDependency */ = {
			isa = PBXTargetDependency;
			target = 3F34430021F49F1100938BDC /* Life-Counter */;
			targetProxy = 3F34431621F49F1200938BDC /* PBXContainerItemProxy */;
		};
		3F34432221F49F1200938BDC /* PBXTargetDependency */ = {
			isa = PBXTargetDependency;
			target = 3F34430021F49F1100938BDC /* Life-Counter */;
			targetProxy = 3F34432121F49F1200938BDC /* PBXContainerItemProxy */;
		};
/* End PBXTargetDependency section */

/* Begin PBXVariantGroup section */
		3F34430821F49F1200938BDC /* Main.storyboard */ = {
			isa = PBXVariantGroup;
			children = (
				3F34430921F49F1200938BDC /* Base */,
			);
			name = Main.storyboard;
			sourceTree = "<group>";
		};
		3F34430D21F49F1200938BDC /* LaunchScreen.storyboard */ = {
			isa = PBXVariantGroup;
			children = (
				3F34430E21F49F1200938BDC /* Base */,
			);
			name = LaunchScreen.storyboard;
			sourceTree = "<group>";
		};
/* End PBXVariantGroup section */

/* Begin XCBuildConfiguration section */
		3F34432721F49F1200938BDC /* Debug */ = {
			isa = XCBuildConfiguration;
			buildSettings = {
				ALWAYS_SEARCH_USER_PATHS = NO;
				CLANG_ANALYZER_NONNULL = YES;
				CLANG_ANALYZER_NUMBER_OBJECT_CONVERSION = YES_AGGRESSIVE;
				CLANG_CXX_LANGUAGE_STANDARD = "gnu++14";
				CLANG_CXX_LIBRARY = "libc++";
				CLANG_ENABLE_MODULES = YES;
				CLANG_ENABLE_OBJC_ARC = YES;
				CLANG_ENABLE_OBJC_WEAK = YES;
				CLANG_WARN_BLOCK_CAPTURE_AUTORELEASING = YES;
				CLANG_WARN_BOOL_CONVERSION = YES;
				CLANG_WARN_COMMA = YES;
				CLANG_WARN_CONSTANT_CONVERSION = YES;
				CLANG_WARN_DEPRECATED_OBJC_IMPLEMENTATIONS = YES;
				CLANG_WARN_DIRECT_OBJC_ISA_USAGE = YES_ERROR;
				CLANG_WARN_DOCUMENTATION_COMMENTS = YES;
				CLANG_WARN_EMPTY_BODY = YES;
				CLANG_WARN_ENUM_CONVERSION = YES;
				CLANG_WARN_INFINITE_RECURSION = YES;
				CLANG_WARN_INT_CONVERSION = YES;
				CLANG_WARN_NON_LITERAL_NULL_CONVERSION = YES;
				CLANG_WARN_OBJC_IMPLICIT_RETAIN_SELF = YES;
				CLANG_WARN_OBJC_LITERAL_CONVERSION = YES;
				CLANG_WARN_OBJC_ROOT_CLASS = YES_ERROR;
				CLANG_WARN_RANGE_LOOP_ANALYSIS = YES;
				CLANG_WARN_STRICT_PROTOTYPES = YES;
				CLANG_WARN_SUSPICIOUS_MOVE = YES;
				CLANG_WARN_UNGUARDED_AVAILABILITY = YES_AGGRESSIVE;
				CLANG_WARN_UNREACHABLE_CODE = YES;
				CLANG_WARN__DUPLICATE_METHOD_MATCH = YES;
				CODE_SIGN_IDENTITY = "iPhone Developer";
				COPY_PHASE_STRIP = NO;
				DEBUG_INFORMATION_FORMAT = dwarf;
				ENABLE_STRICT_OBJC_MSGSEND = YES;
				ENABLE_TESTABILITY = YES;
				GCC_C_LANGUAGE_STANDARD = gnu11;
				GCC_DYNAMIC_NO_PIC = NO;
				GCC_NO_COMMON_BLOCKS = YES;
				GCC_OPTIMIZATION_LEVEL = 0;
				GCC_PREPROCESSOR_DEFINITIONS = (
					"DEBUG=1",
					"$(inherited)",
				);
				GCC_WARN_64_TO_32_BIT_CONVERSION = YES;
				GCC_WARN_ABOUT_RETURN_TYPE = YES_ERROR;
				GCC_WARN_UNDECLARED_SELECTOR = YES;
				GCC_WARN_UNINITIALIZED_AUTOS = YES_AGGRESSIVE;
				GCC_WARN_UNUSED_FUNCTION = YES;
				GCC_WARN_UNUSED_VARIABLE = YES;
				IPHONEOS_DEPLOYMENT_TARGET = 12.1;
				MTL_ENABLE_DEBUG_INFO = INCLUDE_SOURCE;
				MTL_FAST_MATH = YES;
				ONLY_ACTIVE_ARCH = YES;
				SDKROOT = iphoneos;
				SWIFT_ACTIVE_COMPILATION_CONDITIONS = DEBUG;
				SWIFT_OPTIMIZATION_LEVEL = "-Onone";
			};
			name = Debug;
		};
		3F34432821F49F1200938BDC /* Release */ = {
			isa = XCBuildConfiguration;
			buildSettings = {
				ALWAYS_SEARCH_USER_PATHS = NO;
				CLANG_ANALYZER_NONNULL = YES;
				CLANG_ANALYZER_NUMBER_OBJECT_CONVERSION = YES_AGGRESSIVE;
				CLANG_CXX_LANGUAGE_STANDARD = "gnu++14";
				CLANG_CXX_LIBRARY = "libc++";
				CLANG_ENABLE_MODULES = YES;
				CLANG_ENABLE_OBJC_ARC = YES;
				CLANG_ENABLE_OBJC_WEAK = YES;
				CLANG_WARN_BLOCK_CAPTURE_AUTORELEASING = YES;
				CLANG_WARN_BOOL_CONVERSION = YES;
				CLANG_WARN_COMMA = YES;
				CLANG_WARN_CONSTANT_CONVERSION = YES;
				CLANG_WARN_DEPRECATED_OBJC_IMPLEMENTATIONS = YES;
				CLANG_WARN_DIRECT_OBJC_ISA_USAGE = YES_ERROR;
				CLANG_WARN_DOCUMENTATION_COMMENTS = YES;
				CLANG_WARN_EMPTY_BODY = YES;
				CLANG_WARN_ENUM_CONVERSION = YES;
				CLANG_WARN_INFINITE_RECURSION = YES;
				CLANG_WARN_INT_CONVERSION = YES;
				CLANG_WARN_NON_LITERAL_NULL_CONVERSION = YES;
				CLANG_WARN_OBJC_IMPLICIT_RETAIN_SELF = YES;
				CLANG_WARN_OBJC_LITERAL_CONVERSION = YES;
				CLANG_WARN_OBJC_ROOT_CLASS = YES_ERROR;
				CLANG_WARN_RANGE_LOOP_ANALYSIS = YES;
				CLANG_WARN_STRICT_PROTOTYPES = YES;
				CLANG_WARN_SUSPICIOUS_MOVE = YES;
				CLANG_WARN_UNGUARDED_AVAILABILITY = YES_AGGRESSIVE;
				CLANG_WARN_UNREACHABLE_CODE = YES;
				CLANG_WARN__DUPLICATE_METHOD_MATCH = YES;
				CODE_SIGN_IDENTITY = "iPhone Developer";
				COPY_PHASE_STRIP = NO;
				DEBUG_INFORMATION_FORMAT = "dwarf-with-dsym";
				ENABLE_NS_ASSERTIONS = NO;
				ENABLE_STRICT_OBJC_MSGSEND = YES;
				GCC_C_LANGUAGE_STANDARD = gnu11;
				GCC_NO_COMMON_BLOCKS = YES;
				GCC_WARN_64_TO_32_BIT_CONVERSION = YES;
				GCC_WARN_ABOUT_RETURN_TYPE = YES_ERROR;
				GCC_WARN_UNDECLARED_SELECTOR = YES;
				GCC_WARN_UNINITIALIZED_AUTOS = YES_AGGRESSIVE;
				GCC_WARN_UNUSED_FUNCTION = YES;
				GCC_WARN_UNUSED_VARIABLE = YES;
				IPHONEOS_DEPLOYMENT_TARGET = 12.1;
				MTL_ENABLE_DEBUG_INFO = NO;
				MTL_FAST_MATH = YES;
				SDKROOT = iphoneos;
				SWIFT_COMPILATION_MODE = wholemodule;
				SWIFT_OPTIMIZATION_LEVEL = "-O";
				VALIDATE_PRODUCT = YES;
			};
			name = Release;
		};
		3F34432A21F49F1200938BDC /* Debug */ = {
			isa = XCBuildConfiguration;
			buildSettings = {
				ASSETCATALOG_COMPILER_APPICON_NAME = AppIcon;
				CODE_SIGN_STYLE = Automatic;
				DEVELOPMENT_TEAM = AB2WH7NT99;
				INFOPLIST_FILE = "Life-Counter/Info.plist";
				LD_RUNPATH_SEARCH_PATHS = (
					"$(inherited)",
					"@executable_path/Frameworks",
				);
				PRODUCT_BUNDLE_IDENTIFIER = "com.jeremypapay.Life-Counter";
				PRODUCT_NAME = "$(TARGET_NAME)";
				SWIFT_VERSION = 4.2;
				TARGETED_DEVICE_FAMILY = "1,2";
			};
			name = Debug;
		};
		3F34432B21F49F1200938BDC /* Release */ = {
			isa = XCBuildConfiguration;
			buildSettings = {
				ASSETCATALOG_COMPILER_APPICON_NAME = AppIcon;
				CODE_SIGN_STYLE = Automatic;
				DEVELOPMENT_TEAM = AB2WH7NT99;
				INFOPLIST_FILE = "Life-Counter/Info.plist";
				LD_RUNPATH_SEARCH_PATHS = (
					"$(inherited)",
					"@executable_path/Frameworks",
				);
				PRODUCT_BUNDLE_IDENTIFIER = "com.jeremypapay.Life-Counter";
				PRODUCT_NAME = "$(TARGET_NAME)";
				SWIFT_VERSION = 4.2;
				TARGETED_DEVICE_FAMILY = "1,2";
			};
			name = Release;
		};
		3F34432D21F49F1200938BDC /* Debug */ = {
			isa = XCBuildConfiguration;
			buildSettings = {
				ALWAYS_EMBED_SWIFT_STANDARD_LIBRARIES = YES;
				BUNDLE_LOADER = "$(TEST_HOST)";
				CODE_SIGN_STYLE = Automatic;
				DEVELOPMENT_TEAM = AB2WH7NT99;
				INFOPLIST_FILE = "Life-CounterTests/Info.plist";
				LD_RUNPATH_SEARCH_PATHS = (
					"$(inherited)",
					"@executable_path/Frameworks",
					"@loader_path/Frameworks",
				);
				PRODUCT_BUNDLE_IDENTIFIER = "com.jeremypapay.Life-CounterTests";
				PRODUCT_NAME = "$(TARGET_NAME)";
				SWIFT_VERSION = 4.2;
				TARGETED_DEVICE_FAMILY = "1,2";
				TEST_HOST = "$(BUILT_PRODUCTS_DIR)/Life-Counter.app/Life-Counter";
			};
			name = Debug;
		};
		3F34432E21F49F1200938BDC /* Release */ = {
			isa = XCBuildConfiguration;
			buildSettings = {
				ALWAYS_EMBED_SWIFT_STANDARD_LIBRARIES = YES;
				BUNDLE_LOADER = "$(TEST_HOST)";
				CODE_SIGN_STYLE = Automatic;
				DEVELOPMENT_TEAM = AB2WH7NT99;
				INFOPLIST_FILE = "Life-CounterTests/Info.plist";
				LD_RUNPATH_SEARCH_PATHS = (
					"$(inherited)",
					"@executable_path/Frameworks",
					"@loader_path/Frameworks",
				);
				PRODUCT_BUNDLE_IDENTIFIER = "com.jeremypapay.Life-CounterTests";
				PRODUCT_NAME = "$(TARGET_NAME)";
				SWIFT_VERSION = 4.2;
				TARGETED_DEVICE_FAMILY = "1,2";
				TEST_HOST = "$(BUILT_PRODUCTS_DIR)/Life-Counter.app/Life-Counter";
			};
			name = Release;
		};
		3F34433021F49F1200938BDC /* Debug */ = {
			isa = XCBuildConfiguration;
			buildSettings = {
				ALWAYS_EMBED_SWIFT_STANDARD_LIBRARIES = YES;
				CODE_SIGN_STYLE = Automatic;
				DEVELOPMENT_TEAM = AB2WH7NT99;
				INFOPLIST_FILE = "Life-CounterUITests/Info.plist";
				LD_RUNPATH_SEARCH_PATHS = (
					"$(inherited)",
					"@executable_path/Frameworks",
					"@loader_path/Frameworks",
				);
				PRODUCT_BUNDLE_IDENTIFIER = "com.jeremypapay.Life-CounterUITests";
				PRODUCT_NAME = "$(TARGET_NAME)";
				SWIFT_VERSION = 4.2;
				TARGETED_DEVICE_FAMILY = "1,2";
				TEST_TARGET_NAME = "Life-Counter";
			};
			name = Debug;
		};
		3F34433121F49F1200938BDC /* Release */ = {
			isa = XCBuildConfiguration;
			buildSettings = {
				ALWAYS_EMBED_SWIFT_STANDARD_LIBRARIES = YES;
				CODE_SIGN_STYLE = Automatic;
				DEVELOPMENT_TEAM = AB2WH7NT99;
				INFOPLIST_FILE = "Life-CounterUITests/Info.plist";
				LD_RUNPATH_SEARCH_PATHS = (
					"$(inherited)",
					"@executable_path/Frameworks",
					"@loader_path/Frameworks",
				);
				PRODUCT_BUNDLE_IDENTIFIER = "com.jeremypapay.Life-CounterUITests";
				PRODUCT_NAME = "$(TARGET_NAME)";
				SWIFT_VERSION = 4.2;
				TARGETED_DEVICE_FAMILY = "1,2";
				TEST_TARGET_NAME = "Life-Counter";
			};
			name = Release;
		};
/* End XCBuildConfiguration section */

/* Begin XCConfigurationList section */
		3F3442FC21F49F1100938BDC /* Build configuration list for PBXProject "Life-Counter" */ = {
			isa = XCConfigurationList;
			buildConfigurations = (
				3F34432721F49F1200938BDC /* Debug */,
				3F34432821F49F1200938BDC /* Release */,
			);
			defaultConfigurationIsVisible = 0;
			defaultConfigurationName = Release;
		};
		3F34432921F49F1200938BDC /* Build configuration list for PBXNativeTarget "Life-Counter" */ = {
			isa = XCConfigurationList;
			buildConfigurations = (
				3F34432A21F49F1200938BDC /* Debug */,
				3F34432B21F49F1200938BDC /* Release */,
			);
			defaultConfigurationIsVisible = 0;
			defaultConfigurationName = Release;
		};
		3F34432C21F49F1200938BDC /* Build configuration list for PBXNativeTarget "Life-CounterTests" */ = {
			isa = XCConfigurationList;
			buildConfigurations = (
				3F34432D21F49F1200938BDC /* Debug */,
				3F34432E21F49F1200938BDC /* Release */,
			);
			defaultConfigurationIsVisible = 0;
			defaultConfigurationName = Release;
		};
		3F34432F21F49F1200938BDC /* Build configuration list for PBXNativeTarget "Life-CounterUITests" */ = {
			isa = XCConfigurationList;
			buildConfigurations = (
				3F34433021F49F1200938BDC /* Debug */,
				3F34433121F49F1200938BDC /* Release */,
			);
			defaultConfigurationIsVisible = 0;
			defaultConfigurationName = Release;
		};
/* End XCConfigurationList section */
	};
	rootObject = 3F3442F921F49F1100938BDC /* Project object */;
}
